
Microsoft Visual Studio Solution File, Format Version 12.00
# Visual Studio Version 16
VisualStudioVersion = 16.0.31019.35
MinimumVisualStudioVersion = 10.0.40219.1
Project("{FAE04EC0-301F-11D3-BF4B-00C04F79EFBC}") = "ACKS Judge's Toolkit", "OSRCGG\OSRCGG.csproj", "{0C3E4AD9-5AFF-4409-BFC9-1BA2C63AD73B}"
EndProject
Project("{FAE04EC0-301F-11D3-BF4B-00C04F79EFBC}") = "OSRCGG.Tests", "OSRCGG.Tests\OSRCGG.Tests.csproj", "{F8B35213-0FEA-4567-9C15-62FA4D46D30C}"
EndProject
Global
	GlobalSection(SolutionConfigurationPlatforms) = preSolution
		Debug|Any CPU = Debug|Any CPU
		Release|Any CPU = Release|Any CPU
	EndGlobalSection
	GlobalSection(ProjectConfigurationPlatforms) = postSolution
		{0C3E4AD9-5AFF-4409-BFC9-1BA2C63AD73B}.Debug|Any CPU.ActiveCfg = Debug|Any CPU
		{0C3E4AD9-5AFF-4409-BFC9-1BA2C63AD73B}.Debug|Any CPU.Build.0 = Debug|Any CPU
		{0C3E4AD9-5AFF-4409-BFC9-1BA2C63AD73B}.Release|Any CPU.ActiveCfg = Release|Any CPU
		{0C3E4AD9-5AFF-4409-BFC9-1BA2C63AD73B}.Release|Any CPU.Build.0 = Release|Any CPU
		{F8B35213-0FEA-4567-9C15-62FA4D46D30C}.Debug|Any CPU.ActiveCfg = Debug|Any CPU
		{F8B35213-0FEA-4567-9C15-62FA4D46D30C}.Debug|Any CPU.Build.0 = Debug|Any CPU
		{F8B35213-0FEA-4567-9C15-62FA4D46D30C}.Release|Any CPU.ActiveCfg = Release|Any CPU
		{F8B35213-0FEA-4567-9C15-62FA4D46D30C}.Release|Any CPU.Build.0 = Release|Any CPU
	EndGlobalSection
	GlobalSection(SolutionProperties) = preSolution
		HideSolutionNode = FALSE
	EndGlobalSection
	GlobalSection(ExtensibilityGlobals) = postSolution
		SolutionGuid = {DFAE6D8D-044D-48E5-8D15-98AB82EB7134}
	EndGlobalSection
EndGlobal
